
Microsoft Visual Studio Solution File, Format Version 12.00
# Visual Studio Version 16
VisualStudioVersion = 16.0.30320.27
MinimumVisualStudioVersion = 10.0.40219.1
Project("{9A19103F-16F7-4668-BE54-9A1E7A4F7556}") = "ConsoleAppCallFunctionWithAAD", "ConsoleAppCallFunctionWithAAD\ConsoleAppCallFunctionWithAAD.csproj", "{C444ADDB-E2B0-40FF-9CF0-474F4F4A7BBC}"
EndProject
Project("{FAE04EC0-301F-11D3-BF4B-00C04F79EFBC}") = "WebApplication1", "WebApplication1\WebApplication1.csproj", "{DF9442B1-B3FD-46C3-B4AE-A7171E19F421}"
EndProject
Project("{9A19103F-16F7-4668-BE54-9A1E7A4F7556}") = "ConsoleAppCallApi", "ConsoleAppCallApi\ConsoleAppCallApi.csproj", "{BD65C810-605E-4365-9D4D-49A681511A7A}"
EndProject
Global
	GlobalSection(SolutionConfigurationPlatforms) = preSolution
		Debug|Any CPU = Debug|Any CPU
		Release|Any CPU = Release|Any CPU
	EndGlobalSection
	GlobalSection(ProjectConfigurationPlatforms) = postSolution
		{C444ADDB-E2B0-40FF-9CF0-474F4F4A7BBC}.Debug|Any CPU.ActiveCfg = Debug|Any CPU
		{C444ADDB-E2B0-40FF-9CF0-474F4F4A7BBC}.Debug|Any CPU.Build.0 = Debug|Any CPU
		{C444ADDB-E2B0-40FF-9CF0-474F4F4A7BBC}.Release|Any CPU.ActiveCfg = Release|Any CPU
		{C444ADDB-E2B0-40FF-9CF0-474F4F4A7BBC}.Release|Any CPU.Build.0 = Release|Any CPU
		{DF9442B1-B3FD-46C3-B4AE-A7171E19F421}.Debug|Any CPU.ActiveCfg = Debug|Any CPU
		{DF9442B1-B3FD-46C3-B4AE-A7171E19F421}.Debug|Any CPU.Build.0 = Debug|Any CPU
		{DF9442B1-B3FD-46C3-B4AE-A7171E19F421}.Release|Any CPU.ActiveCfg = Release|Any CPU
		{DF9442B1-B3FD-46C3-B4AE-A7171E19F421}.Release|Any CPU.Build.0 = Release|Any CPU
		{BD65C810-605E-4365-9D4D-49A681511A7A}.Debug|Any CPU.ActiveCfg = Debug|Any CPU
		{BD65C810-605E-4365-9D4D-49A681511A7A}.Debug|Any CPU.Build.0 = Debug|Any CPU
		{BD65C810-605E-4365-9D4D-49A681511A7A}.Release|Any CPU.ActiveCfg = Release|Any CPU
		{BD65C810-605E-4365-9D4D-49A681511A7A}.Release|Any CPU.Build.0 = Release|Any CPU
	EndGlobalSection
	GlobalSection(SolutionProperties) = preSolution
		HideSolutionNode = FALSE
	EndGlobalSection
	GlobalSection(ExtensibilityGlobals) = postSolution
		SolutionGuid = {E67814E0-7835-4DC4-8DD0-4C2E717988E4}
	EndGlobalSection
EndGlobal
