
Microsoft Visual Studio Solution File, Format Version 12.00
# Visual Studio Version 16
VisualStudioVersion = 16.0.30320.27
MinimumVisualStudioVersion = 10.0.40219.1
Project("{FAE04EC0-301F-11D3-BF4B-00C04F79EFBC}") = "ConsoleAppCallFunctionWithAAD", "ConsoleAppCallFunctionWithAAD\ConsoleAppCallFunctionWithAAD.csproj", "{C444ADDB-E2B0-40FF-9CF0-474F4F4A7BBC}"
EndProject
Global
	GlobalSection(SolutionConfigurationPlatforms) = preSolution
		Debug|Any CPU = Debug|Any CPU
		Release|Any CPU = Release|Any CPU
	EndGlobalSection
	GlobalSection(ProjectConfigurationPlatforms) = postSolution
		{C444ADDB-E2B0-40FF-9CF0-474F4F4A7BBC}.Debug|Any CPU.ActiveCfg = Debug|Any CPU
		{C444ADDB-E2B0-40FF-9CF0-474F4F4A7BBC}.Debug|Any CPU.Build.0 = Debug|Any CPU
		{C444ADDB-E2B0-40FF-9CF0-474F4F4A7BBC}.Release|Any CPU.ActiveCfg = Release|Any CPU
		{C444ADDB-E2B0-40FF-9CF0-474F4F4A7BBC}.Release|Any CPU.Build.0 = Release|Any CPU
	EndGlobalSection
	GlobalSection(SolutionProperties) = preSolution
		HideSolutionNode = FALSE
	EndGlobalSection
	GlobalSection(ExtensibilityGlobals) = postSolution
		SolutionGuid = {E67814E0-7835-4DC4-8DD0-4C2E717988E4}
	EndGlobalSection
EndGlobal
