
Microsoft Visual Studio Solution File, Format Version 12.00
# Visual Studio Version 16
VisualStudioVersion = 16.0.30320.27
MinimumVisualStudioVersion = 10.0.40219.1
Project("{9A19103F-16F7-4668-BE54-9A1E7A4F7556}") = "ConsoleAppCallFunctionWithAAD", "ConsoleAppCallFunctionWithAAD\ConsoleAppCallFunctionWithAAD.csproj", "{C444ADDB-E2B0-40FF-9CF0-474F4F4A7BBC}"
EndProject
Project("{9A19103F-16F7-4668-BE54-9A1E7A4F7556}") = "WebApplication1", "WebApplication1\WebApplication1.csproj", "{DF9442B1-B3FD-46C3-B4AE-A7171E19F421}"
EndProject
Project("{9A19103F-16F7-4668-BE54-9A1E7A4F7556}") = "ConsoleAppCallApi", "ConsoleAppCallApi\ConsoleAppCallApi.csproj", "{BD65C810-605E-4365-9D4D-49A681511A7A}"
EndProject
Project("{9A19103F-16F7-4668-BE54-9A1E7A4F7556}") = "WebApplication2", "WebApplication2\WebApplication2.csproj", "{0E19E53B-E5CC-4196-BB74-C2E4DB322877}"
EndProject
Project("{9A19103F-16F7-4668-BE54-9A1E7A4F7556}") = "ConsoleAppServiceBus", "ConsoleAppServiceBus\ConsoleAppServiceBus.csproj", "{2952CB28-3E79-481F-9715-9FBEA1CDA6DD}"
EndProject
Project("{9A19103F-16F7-4668-BE54-9A1E7A4F7556}") = "Stef.AuditClient", "AuditClient\Stef.AuditClient.csproj", "{CAB13928-1856-4ED1-B0C2-2ECC92BF93AE}"
EndProject
Project("{FAE04EC0-301F-11D3-BF4B-00C04F79EFBC}") = "ConsoleAppStorageQueue", "ConsoleAppStorageQueue\ConsoleAppStorageQueue.csproj", "{5CF8E0E1-FBF2-4AA3-B29F-9E37E08D19CB}"
EndProject
Global
	GlobalSection(SolutionConfigurationPlatforms) = preSolution
		Debug|Any CPU = Debug|Any CPU
		Release|Any CPU = Release|Any CPU
	EndGlobalSection
	GlobalSection(ProjectConfigurationPlatforms) = postSolution
		{C444ADDB-E2B0-40FF-9CF0-474F4F4A7BBC}.Debug|Any CPU.ActiveCfg = Debug|Any CPU
		{C444ADDB-E2B0-40FF-9CF0-474F4F4A7BBC}.Debug|Any CPU.Build.0 = Debug|Any CPU
		{C444ADDB-E2B0-40FF-9CF0-474F4F4A7BBC}.Release|Any CPU.ActiveCfg = Release|Any CPU
		{C444ADDB-E2B0-40FF-9CF0-474F4F4A7BBC}.Release|Any CPU.Build.0 = Release|Any CPU
		{DF9442B1-B3FD-46C3-B4AE-A7171E19F421}.Debug|Any CPU.ActiveCfg = Debug|Any CPU
		{DF9442B1-B3FD-46C3-B4AE-A7171E19F421}.Debug|Any CPU.Build.0 = Debug|Any CPU
		{DF9442B1-B3FD-46C3-B4AE-A7171E19F421}.Release|Any CPU.ActiveCfg = Release|Any CPU
		{DF9442B1-B3FD-46C3-B4AE-A7171E19F421}.Release|Any CPU.Build.0 = Release|Any CPU
		{BD65C810-605E-4365-9D4D-49A681511A7A}.Debug|Any CPU.ActiveCfg = Debug|Any CPU
		{BD65C810-605E-4365-9D4D-49A681511A7A}.Debug|Any CPU.Build.0 = Debug|Any CPU
		{BD65C810-605E-4365-9D4D-49A681511A7A}.Release|Any CPU.ActiveCfg = Release|Any CPU
		{BD65C810-605E-4365-9D4D-49A681511A7A}.Release|Any CPU.Build.0 = Release|Any CPU
		{0E19E53B-E5CC-4196-BB74-C2E4DB322877}.Debug|Any CPU.ActiveCfg = Debug|Any CPU
		{0E19E53B-E5CC-4196-BB74-C2E4DB322877}.Debug|Any CPU.Build.0 = Debug|Any CPU
		{0E19E53B-E5CC-4196-BB74-C2E4DB322877}.Release|Any CPU.ActiveCfg = Release|Any CPU
		{0E19E53B-E5CC-4196-BB74-C2E4DB322877}.Release|Any CPU.Build.0 = Release|Any CPU
		{2952CB28-3E79-481F-9715-9FBEA1CDA6DD}.Debug|Any CPU.ActiveCfg = Debug|Any CPU
		{2952CB28-3E79-481F-9715-9FBEA1CDA6DD}.Debug|Any CPU.Build.0 = Debug|Any CPU
		{2952CB28-3E79-481F-9715-9FBEA1CDA6DD}.Release|Any CPU.ActiveCfg = Release|Any CPU
		{2952CB28-3E79-481F-9715-9FBEA1CDA6DD}.Release|Any CPU.Build.0 = Release|Any CPU
		{CAB13928-1856-4ED1-B0C2-2ECC92BF93AE}.Debug|Any CPU.ActiveCfg = Debug|Any CPU
		{CAB13928-1856-4ED1-B0C2-2ECC92BF93AE}.Debug|Any CPU.Build.0 = Debug|Any CPU
		{CAB13928-1856-4ED1-B0C2-2ECC92BF93AE}.Release|Any CPU.ActiveCfg = Release|Any CPU
		{CAB13928-1856-4ED1-B0C2-2ECC92BF93AE}.Release|Any CPU.Build.0 = Release|Any CPU
		{5CF8E0E1-FBF2-4AA3-B29F-9E37E08D19CB}.Debug|Any CPU.ActiveCfg = Debug|Any CPU
		{5CF8E0E1-FBF2-4AA3-B29F-9E37E08D19CB}.Debug|Any CPU.Build.0 = Debug|Any CPU
		{5CF8E0E1-FBF2-4AA3-B29F-9E37E08D19CB}.Release|Any CPU.ActiveCfg = Release|Any CPU
		{5CF8E0E1-FBF2-4AA3-B29F-9E37E08D19CB}.Release|Any CPU.Build.0 = Release|Any CPU
	EndGlobalSection
	GlobalSection(SolutionProperties) = preSolution
		HideSolutionNode = FALSE
	EndGlobalSection
	GlobalSection(ExtensibilityGlobals) = postSolution
		SolutionGuid = {E67814E0-7835-4DC4-8DD0-4C2E717988E4}
	EndGlobalSection
EndGlobal
