
Microsoft Visual Studio Solution File, Format Version 12.00
# Visual Studio Version 16
VisualStudioVersion = 16.0.30320.27
MinimumVisualStudioVersion = 10.0.40219.1
Project("{9A19103F-16F7-4668-BE54-9A1E7A4F7556}") = "ConsoleAppCallFunctionWithAAD", "ConsoleAppCallFunctionWithAAD\ConsoleAppCallFunctionWithAAD.csproj", "{C444ADDB-E2B0-40FF-9CF0-474F4F4A7BBC}"
EndProject
Project("{9A19103F-16F7-4668-BE54-9A1E7A4F7556}") = "WebApplication1", "WebApplication1\WebApplication1.csproj", "{DF9442B1-B3FD-46C3-B4AE-A7171E19F421}"
EndProject
Project("{9A19103F-16F7-4668-BE54-9A1E7A4F7556}") = "ConsoleAppCallApi", "ConsoleAppCallApi\ConsoleAppCallApi.csproj", "{BD65C810-605E-4365-9D4D-49A681511A7A}"
EndProject
Project("{9A19103F-16F7-4668-BE54-9A1E7A4F7556}") = "ConsoleAppServiceBus", "ConsoleAppServiceBus\ConsoleAppServiceBus.csproj", "{2952CB28-3E79-481F-9715-9FBEA1CDA6DD}"
EndProject
Project("{9A19103F-16F7-4668-BE54-9A1E7A4F7556}") = "ConsoleAppStorageQueue", "ConsoleAppStorageQueue\ConsoleAppStorageQueue.csproj", "{5CF8E0E1-FBF2-4AA3-B29F-9E37E08D19CB}"
EndProject
Project("{9A19103F-16F7-4668-BE54-9A1E7A4F7556}") = "FunctionAppQueue", "FunctionAppQueue\FunctionAppQueue.csproj", "{B4EA8AFC-3FE0-4712-B9A6-25B1F5380DC8}"
EndProject
Project("{9A19103F-16F7-4668-BE54-9A1E7A4F7556}") = "ConsoleAppCallApi.NET461", "ConsoleAppCallApi.NET461\ConsoleAppCallApi.NET461.csproj", "{DB93422C-8A4D-46F6-803A-28F06003BB9A}"
EndProject
Project("{2150E333-8FDC-42A3-9474-1A3956D46DE8}") = "Solution Items", "Solution Items", "{29A0F123-A397-4CFD-AE71-0F7356C58ACF}"
EndProject
Project("{FAE04EC0-301F-11D3-BF4B-00C04F79EFBC}") = "ConsoleAppNetFrameworkOld461", "ConsoleAppNetFrameworkOld461\ConsoleAppNetFrameworkOld461.csproj", "{B5C0044C-8A20-4E04-B4FD-8D1F856B3F85}"
EndProject
Project("{9A19103F-16F7-4668-BE54-9A1E7A4F7556}") = "Stef.AuditClient.AzureIdentity", "Stef.AuditClient.AzureIdentity\Stef.AuditClient.AzureIdentity.csproj", "{68656087-5E1C-4181-A246-FE6270E526C6}"
EndProject
Global
	GlobalSection(SolutionConfigurationPlatforms) = preSolution
		Debug|Any CPU = Debug|Any CPU
		Release|Any CPU = Release|Any CPU
	EndGlobalSection
	GlobalSection(ProjectConfigurationPlatforms) = postSolution
		{C444ADDB-E2B0-40FF-9CF0-474F4F4A7BBC}.Debug|Any CPU.ActiveCfg = Debug|Any CPU
		{C444ADDB-E2B0-40FF-9CF0-474F4F4A7BBC}.Debug|Any CPU.Build.0 = Debug|Any CPU
		{C444ADDB-E2B0-40FF-9CF0-474F4F4A7BBC}.Release|Any CPU.ActiveCfg = Release|Any CPU
		{C444ADDB-E2B0-40FF-9CF0-474F4F4A7BBC}.Release|Any CPU.Build.0 = Release|Any CPU
		{DF9442B1-B3FD-46C3-B4AE-A7171E19F421}.Debug|Any CPU.ActiveCfg = Debug|Any CPU
		{DF9442B1-B3FD-46C3-B4AE-A7171E19F421}.Debug|Any CPU.Build.0 = Debug|Any CPU
		{DF9442B1-B3FD-46C3-B4AE-A7171E19F421}.Release|Any CPU.ActiveCfg = Release|Any CPU
		{DF9442B1-B3FD-46C3-B4AE-A7171E19F421}.Release|Any CPU.Build.0 = Release|Any CPU
		{BD65C810-605E-4365-9D4D-49A681511A7A}.Debug|Any CPU.ActiveCfg = Debug|Any CPU
		{BD65C810-605E-4365-9D4D-49A681511A7A}.Debug|Any CPU.Build.0 = Debug|Any CPU
		{BD65C810-605E-4365-9D4D-49A681511A7A}.Release|Any CPU.ActiveCfg = Release|Any CPU
		{BD65C810-605E-4365-9D4D-49A681511A7A}.Release|Any CPU.Build.0 = Release|Any CPU
		{2952CB28-3E79-481F-9715-9FBEA1CDA6DD}.Debug|Any CPU.ActiveCfg = Debug|Any CPU
		{2952CB28-3E79-481F-9715-9FBEA1CDA6DD}.Debug|Any CPU.Build.0 = Debug|Any CPU
		{2952CB28-3E79-481F-9715-9FBEA1CDA6DD}.Release|Any CPU.ActiveCfg = Release|Any CPU
		{2952CB28-3E79-481F-9715-9FBEA1CDA6DD}.Release|Any CPU.Build.0 = Release|Any CPU
		{5CF8E0E1-FBF2-4AA3-B29F-9E37E08D19CB}.Debug|Any CPU.ActiveCfg = Debug|Any CPU
		{5CF8E0E1-FBF2-4AA3-B29F-9E37E08D19CB}.Debug|Any CPU.Build.0 = Debug|Any CPU
		{5CF8E0E1-FBF2-4AA3-B29F-9E37E08D19CB}.Release|Any CPU.ActiveCfg = Release|Any CPU
		{5CF8E0E1-FBF2-4AA3-B29F-9E37E08D19CB}.Release|Any CPU.Build.0 = Release|Any CPU
		{B4EA8AFC-3FE0-4712-B9A6-25B1F5380DC8}.Debug|Any CPU.ActiveCfg = Debug|Any CPU
		{B4EA8AFC-3FE0-4712-B9A6-25B1F5380DC8}.Debug|Any CPU.Build.0 = Debug|Any CPU
		{B4EA8AFC-3FE0-4712-B9A6-25B1F5380DC8}.Release|Any CPU.ActiveCfg = Release|Any CPU
		{B4EA8AFC-3FE0-4712-B9A6-25B1F5380DC8}.Release|Any CPU.Build.0 = Release|Any CPU
		{DB93422C-8A4D-46F6-803A-28F06003BB9A}.Debug|Any CPU.ActiveCfg = Debug|Any CPU
		{DB93422C-8A4D-46F6-803A-28F06003BB9A}.Debug|Any CPU.Build.0 = Debug|Any CPU
		{DB93422C-8A4D-46F6-803A-28F06003BB9A}.Release|Any CPU.ActiveCfg = Release|Any CPU
		{DB93422C-8A4D-46F6-803A-28F06003BB9A}.Release|Any CPU.Build.0 = Release|Any CPU
		{B5C0044C-8A20-4E04-B4FD-8D1F856B3F85}.Debug|Any CPU.ActiveCfg = Debug|Any CPU
		{B5C0044C-8A20-4E04-B4FD-8D1F856B3F85}.Debug|Any CPU.Build.0 = Debug|Any CPU
		{B5C0044C-8A20-4E04-B4FD-8D1F856B3F85}.Release|Any CPU.ActiveCfg = Release|Any CPU
		{B5C0044C-8A20-4E04-B4FD-8D1F856B3F85}.Release|Any CPU.Build.0 = Release|Any CPU
		{68656087-5E1C-4181-A246-FE6270E526C6}.Debug|Any CPU.ActiveCfg = Debug|Any CPU
		{68656087-5E1C-4181-A246-FE6270E526C6}.Debug|Any CPU.Build.0 = Debug|Any CPU
		{68656087-5E1C-4181-A246-FE6270E526C6}.Release|Any CPU.ActiveCfg = Release|Any CPU
		{68656087-5E1C-4181-A246-FE6270E526C6}.Release|Any CPU.Build.0 = Release|Any CPU
	EndGlobalSection
	GlobalSection(SolutionProperties) = preSolution
		HideSolutionNode = FALSE
	EndGlobalSection
	GlobalSection(ExtensibilityGlobals) = postSolution
		SolutionGuid = {E67814E0-7835-4DC4-8DD0-4C2E717988E4}
	EndGlobalSection
EndGlobal
